
Microsoft Visual Studio Solution File, Format Version 12.00
# Visual Studio Version 17
VisualStudioVersion = 17.2.32630.192
MinimumVisualStudioVersion = 10.0.40219.1
Project("{9A19103F-16F7-4668-BE54-9A1E7A4F7556}") = "taedisoft.BlazorServer", "taedisoft.BlazorServer\taedisoft.BlazorServer.csproj", "{8B47DF3A-CCAE-4A6E-9265-994D811F62A7}"
EndProject
Global
	GlobalSection(SolutionConfigurationPlatforms) = preSolution
		Debug|Any CPU = Debug|Any CPU
		Release|Any CPU = Release|Any CPU
	EndGlobalSection
	GlobalSection(ProjectConfigurationPlatforms) = postSolution
		{8B47DF3A-CCAE-4A6E-9265-994D811F62A7}.Debug|Any CPU.ActiveCfg = Debug|Any CPU
		{8B47DF3A-CCAE-4A6E-9265-994D811F62A7}.Debug|Any CPU.Build.0 = Debug|Any CPU
		{8B47DF3A-CCAE-4A6E-9265-994D811F62A7}.Release|Any CPU.ActiveCfg = Release|Any CPU
		{8B47DF3A-CCAE-4A6E-9265-994D811F62A7}.Release|Any CPU.Build.0 = Release|Any CPU
	EndGlobalSection
	GlobalSection(SolutionProperties) = preSolution
		HideSolutionNode = FALSE
	EndGlobalSection
	GlobalSection(ExtensibilityGlobals) = postSolution
		SolutionGuid = {B5DA6075-D9C3-48AA-94E3-CE2942A4DEF9}
	EndGlobalSection
EndGlobal
